
Microsoft Visual Studio Solution File, Format Version 12.00
# Visual Studio 15
VisualStudioVersion = 15.0.28307.438
MinimumVisualStudioVersion = 10.0.40219.1
Project("{9A19103F-16F7-4668-BE54-9A1E7A4F7556}") = "crowsoftmvc", "crowsoftmvc.csproj", "{F74B6556-B294-4F63-BE41-ECF464F9B390}"
EndProject
Project("{9A19103F-16F7-4668-BE54-9A1E7A4F7556}") = "crowsoft_unittests", "..\crowsoft_unittests\crowsoft_unittests.csproj", "{EBB47EA9-A459-4DD1-8DC7-185E2E50A85C}"
EndProject
Global
	GlobalSection(SolutionConfigurationPlatforms) = preSolution
		Debug|Any CPU = Debug|Any CPU
		Release|Any CPU = Release|Any CPU
	EndGlobalSection
	GlobalSection(ProjectConfigurationPlatforms) = postSolution
		{F74B6556-B294-4F63-BE41-ECF464F9B390}.Debug|Any CPU.ActiveCfg = Debug|Any CPU
		{F74B6556-B294-4F63-BE41-ECF464F9B390}.Debug|Any CPU.Build.0 = Debug|Any CPU
		{F74B6556-B294-4F63-BE41-ECF464F9B390}.Release|Any CPU.ActiveCfg = Release|Any CPU
		{F74B6556-B294-4F63-BE41-ECF464F9B390}.Release|Any CPU.Build.0 = Release|Any CPU
		{EBB47EA9-A459-4DD1-8DC7-185E2E50A85C}.Debug|Any CPU.ActiveCfg = Debug|Any CPU
		{EBB47EA9-A459-4DD1-8DC7-185E2E50A85C}.Debug|Any CPU.Build.0 = Debug|Any CPU
		{EBB47EA9-A459-4DD1-8DC7-185E2E50A85C}.Release|Any CPU.ActiveCfg = Release|Any CPU
		{EBB47EA9-A459-4DD1-8DC7-185E2E50A85C}.Release|Any CPU.Build.0 = Release|Any CPU
	EndGlobalSection
	GlobalSection(SolutionProperties) = preSolution
		HideSolutionNode = FALSE
	EndGlobalSection
	GlobalSection(ExtensibilityGlobals) = postSolution
		SolutionGuid = {EB70CF00-6A5E-4E5E-8BB4-C405ED24A441}
	EndGlobalSection
EndGlobal
